{
  "nodes": {
    "ffmpeg-src": {
      "flake": false,
      "locked": {
        "lastModified": 1773683184,
        "narHash": "sha256-FdKhhCveEo5UodEoyUh3aBHABv3OT2VXmwBXE1ce3p0=",
        "owner": "FFmpeg",
        "repo": "FFmpeg",
        "rev": "9047fa1b084f76b1b4d065af2d743df1b40dfb56",
        "type": "github"
      },
      "original": {
        "owner": "FFmpeg",
        "ref": "n8.1",
        "repo": "FFmpeg",
        "type": "github"
      }
    },
    "nixpkgs": {
      "locked": {
        "lastModified": 1785133411,
        "narHash": "sha256-Yjv0WEg39KRYS0rBdTbu6Fc/or/ihAKk13W9sQ6VWd0=",
        "owner": "NixOS",
        "repo": "nixpkgs",
        "rev": "2f5a153c270b70cb0f8c11f46d96d6d3bc39f4e3",
        "type": "github"
      },
      "original": {
        "owner": "NixOS",
        "ref": "nixos-26.05",
        "repo": "nixpkgs",
        "type": "github"
      }
    },
    "root": {
      "inputs": {
        "ffmpeg-src": "ffmpeg-src",
        "nixpkgs": "nixpkgs"
      }
    }
  },
  "root": "root",
  "version": 7
}
